
Microsoft Visual Studio Solution File, Format Version 12.00
# Visual Studio Version 16
VisualStudioVersion = 16.0.31624.102
MinimumVisualStudioVersion = 10.0.40219.1
Project("{FAE04EC0-301F-11D3-BF4B-00C04F79EFBC}") = "BCam", "BCam\BCam.csproj", "{45BEEC86-C976-4A82-A823-90F124EB2444}"
EndProject
Global
	GlobalSection(SolutionConfigurationPlatforms) = preSolution
		Debug|Any CPU = Debug|Any CPU
		Release|Any CPU = Release|Any CPU
	EndGlobalSection
	GlobalSection(ProjectConfigurationPlatforms) = postSolution
		{45BEEC86-C976-4A82-A823-90F124EB2444}.Debug|Any CPU.ActiveCfg = Debug|Any CPU
		{45BEEC86-C976-4A82-A823-90F124EB2444}.Debug|Any CPU.Build.0 = Debug|Any CPU
		{45BEEC86-C976-4A82-A823-90F124EB2444}.Release|Any CPU.ActiveCfg = Release|Any CPU
		{45BEEC86-C976-4A82-A823-90F124EB2444}.Release|Any CPU.Build.0 = Release|Any CPU
	EndGlobalSection
	GlobalSection(SolutionProperties) = preSolution
		HideSolutionNode = FALSE
	EndGlobalSection
	GlobalSection(ExtensibilityGlobals) = postSolution
		SolutionGuid = {D67178CF-C423-4274-B4AF-6B6008DB33FF}
	EndGlobalSection
EndGlobal
